
Microsoft Visual Studio Solution File, Format Version 12.00
# Visual Studio Version 17
VisualStudioVersion = 17.6.33829.357
MinimumVisualStudioVersion = 10.0.40219.1
Project("{FAE04EC0-301F-11D3-BF4B-00C04F79EFBC}") = "Cifrado", "Cifrado\Cifrado.csproj", "{EEF0CD7D-4FBD-4C6A-A75B-68552829A8C7}"
EndProject
Global
	GlobalSection(SolutionConfigurationPlatforms) = preSolution
		Debug|Any CPU = Debug|Any CPU
		Release|Any CPU = Release|Any CPU
	EndGlobalSection
	GlobalSection(ProjectConfigurationPlatforms) = postSolution
		{EEF0CD7D-4FBD-4C6A-A75B-68552829A8C7}.Debug|Any CPU.ActiveCfg = Debug|Any CPU
		{EEF0CD7D-4FBD-4C6A-A75B-68552829A8C7}.Debug|Any CPU.Build.0 = Debug|Any CPU
		{EEF0CD7D-4FBD-4C6A-A75B-68552829A8C7}.Release|Any CPU.ActiveCfg = Release|Any CPU
		{EEF0CD7D-4FBD-4C6A-A75B-68552829A8C7}.Release|Any CPU.Build.0 = Release|Any CPU
	EndGlobalSection
	GlobalSection(SolutionProperties) = preSolution
		HideSolutionNode = FALSE
	EndGlobalSection
	GlobalSection(ExtensibilityGlobals) = postSolution
		SolutionGuid = {D063C1DC-0280-4F45-9C6E-7A40960BDE1B}
	EndGlobalSection
EndGlobal
